// !$*UTF8*$!
{
	archiveVersion = 1;
	classes = {
	};
	objectVersion = 46;
	objects = {

/* Begin PBXBuildFile section */
		2DD884C218288B310083D143 /* Foundation.framework in Frameworks */ = {isa = PBXBuildFile; fileRef = 2DD884C118288B310083D143 /* Foundation.framework */; };
		2DD884C418288B310083D143 /* CoreGraphics.framework in Frameworks */ = {isa = PBXBuildFile; fileRef = 2DD884C318288B310083D143 /* CoreGraphics.framework */; };
		2DD884C618288B310083D143 /* UIKit.framework in Frameworks */ = {isa = PBXBuildFile; fileRef = 2DD884C518288B310083D143 /* UIKit.framework */; };
		2DD884CC18288B310083D143 /* InfoPlist.strings in Resources */ = {isa = PBXBuildFile; fileRef = 2DD884CA18288B310083D143 /* InfoPlist.strings */; };
		2DD884CE18288B310083D143 /* main.m in Sources */ = {isa = PBXBuildFile; fileRef = 2DD884CD18288B310083D143 /* main.m */; };
		2DD884D218288B310083D143 /* AppDelegate.m in Sources */ = {isa = PBXBuildFile; fileRef = 2DD884D118288B310083D143 /* AppDelegate.m */; };
		2DD884D518288B310083D143 /* Main_iPhone.storyboard in Resources */ = {isa = PBXBuildFile; fileRef = 2DD884D318288B310083D143 /* Main_iPhone.storyboard */; };
		2DD884D818288B310083D143 /* Main_iPad.storyboard in Resources */ = {isa = PBXBuildFile; fileRef = 2DD884D618288B310083D143 /* Main_iPad.storyboard */; };
		2DD884DB18288B310083D143 /* ViewController.m in Sources */ = {isa = PBXBuildFile; fileRef = 2DD884DA18288B310083D143 /* ViewController.m */; };
		2DD884DD18288B310083D143 /* Images.xcassets in Resources */ = {isa = PBXBuildFile; fileRef = 2DD884DC18288B310083D143 /* Images.xcassets */; };
		2DD884E418288B310083D143 /* XCTest.framework in Frameworks */ = {isa = PBXBuildFile; fileRef = 2DD884E318288B310083D143 /* XCTest.framework */; };
		2DD884E518288B310083D143 /* Foundation.framework in Frameworks */ = {isa = PBXBuildFile; fileRef = 2DD884C118288B310083D143 /* Foundation.framework */; };
		2DD884E618288B310083D143 /* UIKit.framework in Frameworks */ = {isa = PBXBuildFile; fileRef = 2DD884C518288B310083D143 /* UIKit.framework */; };
		2DD884EE18288B310083D143 /* InfoPlist.strings in Resources */ = {isa = PBXBuildFile; fileRef = 2DD884EC18288B310083D143 /* InfoPlist.strings */; };
		2DD884F018288B310083D143 /* TestCollectionViewTests.m in Sources */ = {isa = PBXBuildFile; fileRef = 2DD884EF18288B310083D143 /* TestCollectionViewTests.m */; };
/* End PBXBuildFile section */

/* Begin PBXContainerItemProxy section */
		2DD884E718288B310083D143 /* PBXContainerItemProxy */ = {
			isa = PBXContainerItemProxy;
			containerPortal = 2DD884B618288B310083D143 /* Project object */;
			proxyType = 1;
			remoteGlobalIDString = 2DD884BD18288B310083D143;
			remoteInfo = TestCollectionView;
		};
/* End PBXContainerItemProxy section */

/* Begin PBXFileReference section */
		2DD884BE18288B310083D143 /* TestCollectionView.app */ = {isa = PBXFileReference; explicitFileType = wrapper.application; includeInIndex = 0; path = TestCollectionView.app; sourceTree = BUILT_PRODUCTS_DIR; };
		2DD884C118288B310083D143 /* Foundation.framework */ = {isa = PBXFileReference; lastKnownFileType = wrapper.framework; name = Foundation.framework; path = System/Library/Frameworks/Foundation.framework; sourceTree = SDKROOT; };
		2DD884C318288B310083D143 /* CoreGraphics.framework */ = {isa = PBXFileReference; lastKnownFileType = wrapper.framework; name = CoreGraphics.framework; path = System/Library/Frameworks/CoreGraphics.framework; sourceTree = SDKROOT; };
		2DD884C518288B310083D143 /* UIKit.framework */ = {isa = PBXFileReference; lastKnownFileType = wrapper.framework; name = UIKit.framework; path = System/Library/Frameworks/UIKit.framework; sourceTree = SDKROOT; };
		2DD884C918288B310083D143 /* TestCollectionView-Info.plist */ = {isa = PBXFileReference; lastKnownFileType = text.plist.xml; path = "TestCollectionView-Info.plist"; sourceTree = "<group>"; };
		2DD884CB18288B310083D143 /* en */ = {isa = PBXFileReference; lastKnownFileType = text.plist.strings; name = en; path = en.lproj/InfoPlist.strings; sourceTree = "<group>"; };
		2DD884CD18288B310083D143 /* main.m */ = {isa = PBXFileReference; lastKnownFileType = sourcecode.c.objc; path = main.m; sourceTree = "<group>"; };
		2DD884CF18288B310083D143 /* TestCollectionView-Prefix.pch */ = {isa = PBXFileReference; lastKnownFileType = sourcecode.c.h; path = "TestCollectionView-Prefix.pch"; sourceTree = "<group>"; };
		2DD884D018288B310083D143 /* AppDelegate.h */ = {isa = PBXFileReference; lastKnownFileType = sourcecode.c.h; path = AppDelegate.h; sourceTree = "<group>"; };
		2DD884D118288B310083D143 /* AppDelegate.m */ = {isa = PBXFileReference; lastKnownFileType = sourcecode.c.objc; path = AppDelegate.m; sourceTree = "<group>"; };
		2DD884D418288B310083D143 /* Base */ = {isa = PBXFileReference; lastKnownFileType = file.storyboard; name = Base; path = Base.lproj/Main_iPhone.storyboard; sourceTree = "<group>"; };
		2DD884D718288B310083D143 /* Base */ = {isa = PBXFileReference; lastKnownFileType = file.storyboard; name = Base; path = Base.lproj/Main_iPad.storyboard; sourceTree = "<group>"; };
		2DD884D918288B310083D143 /* ViewController.h */ = {isa = PBXFileReference; lastKnownFileType = sourcecode.c.h; path = ViewController.h; sourceTree = "<group>"; };
		2DD884DA18288B310083D143 /* ViewController.m */ = {isa = PBXFileReference; lastKnownFileType = sourcecode.c.objc; path = ViewController.m; sourceTree = "<group>"; };
		2DD884DC18288B310083D143 /* Images.xcassets */ = {isa = PBXFileReference; lastKnownFileType = folder.assetcatalog; path = Images.xcassets; sourceTree = "<group>"; };
		2DD884E218288B310083D143 /* TestCollectionViewTests.xctest */ = {isa = PBXFileReference; explicitFileType = wrapper.cfbundle; includeInIndex = 0; path = TestCollectionViewTests.xctest; sourceTree = BUILT_PRODUCTS_DIR; };
		2DD884E318288B310083D143 /* XCTest.framework */ = {isa = PBXFileReference; lastKnownFileType = wrapper.framework; name = XCTest.framework; path = Library/Frameworks/XCTest.framework; sourceTree = DEVELOPER_DIR; };
		2DD884EB18288B310083D143 /* TestCollectionViewTests-Info.plist */ = {isa = PBXFileReference; lastKnownFileType = text.plist.xml; path = "TestCollectionViewTests-Info.plist"; sourceTree = "<group>"; };
		2DD884ED18288B310083D143 /* en */ = {isa = PBXFileReference; lastKnownFileType = text.plist.strings; name = en; path = en.lproj/InfoPlist.strings; sourceTree = "<group>"; };
		2DD884EF18288B310083D143 /* TestCollectionViewTests.m */ = {isa = PBXFileReference; lastKnownFileType = sourcecode.c.objc; path = TestCollectionViewTests.m; sourceTree = "<group>"; };
/* End PBXFileReference section */

/* Begin PBXFrameworksBuildPhase section */
		2DD884BB18288B310083D143 /* Frameworks */ = {
			isa = PBXFrameworksBuildPhase;
			buildActionMask = 2147483647;
			files = (
				2DD884C418288B310083D143 /* CoreGraphics.framework in Frameworks */,
				2DD884C618288B310083D143 /* UIKit.framework in Frameworks */,
				2DD884C218288B310083D143 /* Foundation.framework in Frameworks */,
			);
			runOnlyForDeploymentPostprocessing = 0;
		};
		2DD884DF18288B310083D143 /* Frameworks */ = {
			isa = PBXFrameworksBuildPhase;
			buildActionMask = 2147483647;
			files = (
				2DD884E418288B310083D143 /* XCTest.framework in Frameworks */,
				2DD884E618288B310083D143 /* UIKit.framework in Frameworks */,
				2DD884E518288B310083D143 /* Foundation.framework in Frameworks */,
			);
			runOnlyForDeploymentPostprocessing = 0;
		};
/* End PBXFrameworksBuildPhase section */

/* Begin PBXGroup section */
		2DD884B518288B310083D143 = {
			isa = PBXGroup;
			children = (
				2DD884C718288B310083D143 /* TestCollectionView */,
				2DD884E918288B310083D143 /* TestCollectionViewTests */,
				2DD884C018288B310083D143 /* Frameworks */,
				2DD884BF18288B310083D143 /* Products */,
			);
			sourceTree = "<group>";
		};
		2DD884BF18288B310083D143 /* Products */ = {
			isa = PBXGroup;
			children = (
				2DD884BE18288B310083D143 /* TestCollectionView.app */,
				2DD884E218288B310083D143 /* TestCollectionViewTests.xctest */,
			);
			name = Products;
			sourceTree = "<group>";
		};
		2DD884C018288B310083D143 /* Frameworks */ = {
			isa = PBXGroup;
			children = (
				2DD884C118288B310083D143 /* Foundation.framework */,
				2DD884C318288B310083D143 /* CoreGraphics.framework */,
				2DD884C518288B310083D143 /* UIKit.framework */,
				2DD884E318288B310083D143 /* XCTest.framework */,
			);
			name = Frameworks;
			sourceTree = "<group>";
		};
		2DD884C718288B310083D143 /* TestCollectionView */ = {
			isa = PBXGroup;
			children = (
				2DD884D018288B310083D143 /* AppDelegate.h */,
				2DD884D118288B310083D143 /* AppDelegate.m */,
				2DD884D318288B310083D143 /* Main_iPhone.storyboard */,
				2DD884D618288B310083D143 /* Main_iPad.storyboard */,
				2DD884D918288B310083D143 /* ViewController.h */,
				2DD884DA18288B310083D143 /* ViewController.m */,
				2DD884DC18288B310083D143 /* Images.xcassets */,
				2DD884C818288B310083D143 /* Supporting Files */,
			);
			path = TestCollectionView;
			sourceTree = "<group>";
		};
		2DD884C818288B310083D143 /* Supporting Files */ = {
			isa = PBXGroup;
			children = (
				2DD884C918288B310083D143 /* TestCollectionView-Info.plist */,
				2DD884CA18288B310083D143 /* InfoPlist.strings */,
				2DD884CD18288B310083D143 /* main.m */,
				2DD884CF18288B310083D143 /* TestCollectionView-Prefix.pch */,
			);
			name = "Supporting Files";
			sourceTree = "<group>";
		};
		2DD884E918288B310083D143 /* TestCollectionViewTests */ = {
			isa = PBXGroup;
			children = (
				2DD884EF18288B310083D143 /* TestCollectionViewTests.m */,
				2DD884EA18288B310083D143 /* Supporting Files */,
			);
			path = TestCollectionViewTests;
			sourceTree = "<group>";
		};
		2DD884EA18288B310083D143 /* Supporting Files */ = {
			isa = PBXGroup;
			children = (
				2DD884EB18288B310083D143 /* TestCollectionViewTests-Info.plist */,
				2DD884EC18288B310083D143 /* InfoPlist.strings */,
			);
			name = "Supporting Files";
			sourceTree = "<group>";
		};
/* End PBXGroup section */

/* Begin PBXNativeTarget section */
		2DD884BD18288B310083D143 /* TestCollectionView */ = {
			isa = PBXNativeTarget;
			buildConfigurationList = 2DD884F318288B310083D143 /* Build configuration list for PBXNativeTarget "TestCollectionView" */;
			buildPhases = (
				2DD884BA18288B310083D143 /* Sources */,
				2DD884BB18288B310083D143 /* Frameworks */,
				2DD884BC18288B310083D143 /* Resources */,
			);
			buildRules = (
			);
			dependencies = (
			);
			name = TestCollectionView;
			productName = TestCollectionView;
			productReference = 2DD884BE18288B310083D143 /* TestCollectionView.app */;
			productType = "com.apple.product-type.application";
		};
		2DD884E118288B310083D143 /* TestCollectionViewTests */ = {
			isa = PBXNativeTarget;
			buildConfigurationList = 2DD884F618288B310083D143 /* Build configuration list for PBXNativeTarget "TestCollectionViewTests" */;
			buildPhases = (
				2DD884DE18288B310083D143 /* Sources */,
				2DD884DF18288B310083D143 /* Frameworks */,
				2DD884E018288B310083D143 /* Resources */,
			);
			buildRules = (
			);
			dependencies = (
				2DD884E818288B310083D143 /* PBXTargetDependency */,
			);
			name = TestCollectionViewTests;
			productName = TestCollectionViewTests;
			productReference = 2DD884E218288B310083D143 /* TestCollectionViewTests.xctest */;
			productType = "com.apple.product-type.bundle.unit-test";
		};
/* End PBXNativeTarget section */

/* Begin PBXProject section */
		2DD884B618288B310083D143 /* Project object */ = {
			isa = PBXProject;
			attributes = {
				LastUpgradeCheck = 0500;
				ORGANIZATIONNAME = "Liu Yong";
				TargetAttributes = {
					2DD884E118288B310083D143 = {
						TestTargetID = 2DD884BD18288B310083D143;
					};
				};
			};
			buildConfigurationList = 2DD884B918288B310083D143 /* Build configuration list for PBXProject "TestCollectionView" */;
			compatibilityVersion = "Xcode 3.2";
			developmentRegion = English;
			hasScannedForEncodings = 0;
			knownRegions = (
				en,
				Base,
			);
			mainGroup = 2DD884B518288B310083D143;
			productRefGroup = 2DD884BF18288B310083D143 /* Products */;
			projectDirPath = "";
			projectRoot = "";
			targets = (
				2DD884BD18288B310083D143 /* TestCollectionView */,
				2DD884E118288B310083D143 /* TestCollectionViewTests */,
			);
		};
/* End PBXProject section */

/* Begin PBXResourcesBuildPhase section */
		2DD884BC18288B310083D143 /* Resources */ = {
			isa = PBXResourcesBuildPhase;
			buildActionMask = 2147483647;
			files = (
				2DD884D818288B310083D143 /* Main_iPad.storyboard in Resources */,
				2DD884DD18288B310083D143 /* Images.xcassets in Resources */,
				2DD884D518288B310083D143 /* Main_iPhone.storyboard in Resources */,
				2DD884CC18288B310083D143 /* InfoPlist.strings in Resources */,
			);
			runOnlyForDeploymentPostprocessing = 0;
		};
		2DD884E018288B310083D143 /* Resources */ = {
			isa = PBXResourcesBuildPhase;
			buildActionMask = 2147483647;
			files = (
				2DD884EE18288B310083D143 /* InfoPlist.strings in Resources */,
			);
			runOnlyForDeploymentPostprocessing = 0;
		};
/* End PBXResourcesBuildPhase section */

/* Begin PBXSourcesBuildPhase section */
		2DD884BA18288B310083D143 /* Sources */ = {
			isa = PBXSourcesBuildPhase;
			buildActionMask = 2147483647;
			files = (
				2DD884DB18288B310083D143 /* ViewController.m in Sources */,
				2DD884D218288B310083D143 /* AppDelegate.m in Sources */,
				2DD884CE18288B310083D143 /* main.m in Sources */,
			);
			runOnlyForDeploymentPostprocessing = 0;
		};
		2DD884DE18288B310083D143 /* Sources */ = {
			isa = PBXSourcesBuildPhase;
			buildActionMask = 2147483647;
			files = (
				2DD884F018288B310083D143 /* TestCollectionViewTests.m in Sources */,
			);
			runOnlyForDeploymentPostprocessing = 0;
		};
/* End PBXSourcesBuildPhase section */

/* Begin PBXTargetDependency section */
		2DD884E818288B310083D143 /* PBXTargetDependency */ = {
			isa = PBXTargetDependency;
			target = 2DD884BD18288B310083D143 /* TestCollectionView */;
			targetProxy = 2DD884E718288B310083D143 /* PBXContainerItemProxy */;
		};
/* End PBXTargetDependency section */

/* Begin PBXVariantGroup section */
		2DD884CA18288B310083D143 /* InfoPlist.strings */ = {
			isa = PBXVariantGroup;
			children = (
				2DD884CB18288B310083D143 /* en */,
			);
			name = InfoPlist.strings;
			sourceTree = "<group>";
		};
		2DD884D318288B310083D143 /* Main_iPhone.storyboard */ = {
			isa = PBXVariantGroup;
			children = (
				2DD884D418288B310083D143 /* Base */,
			);
			name = Main_iPhone.storyboard;
			sourceTree = "<group>";
		};
		2DD884D618288B310083D143 /* Main_iPad.storyboard */ = {
			isa = PBXVariantGroup;
			children = (
				2DD884D718288B310083D143 /* Base */,
			);
			name = Main_iPad.storyboard;
			sourceTree = "<group>";
		};
		2DD884EC18288B310083D143 /* InfoPlist.strings */ = {
			isa = PBXVariantGroup;
			children = (
				2DD884ED18288B310083D143 /* en */,
			);
			name = InfoPlist.strings;
			sourceTree = "<group>";
		};
/* End PBXVariantGroup section */

/* Begin XCBuildConfiguration section */
		2DD884F118288B310083D143 /* Debug */ = {
			isa = XCBuildConfiguration;
			buildSettings = {
				ALWAYS_SEARCH_USER_PATHS = NO;
				ARCHS = "$(ARCHS_STANDARD_INCLUDING_64_BIT)";
				CLANG_CXX_LANGUAGE_STANDARD = "gnu++0x";
				CLANG_CXX_LIBRARY = "libc++";
				CLANG_ENABLE_MODULES = YES;
				CLANG_ENABLE_OBJC_ARC = YES;
				CLANG_WARN_BOOL_CONVERSION = YES;
				CLANG_WARN_CONSTANT_CONVERSION = YES;
				CLANG_WARN_DIRECT_OBJC_ISA_USAGE = YES_ERROR;
				CLANG_WARN_EMPTY_BODY = YES;
				CLANG_WARN_ENUM_CONVERSION = YES;
				CLANG_WARN_INT_CONVERSION = YES;
				CLANG_WARN_OBJC_ROOT_CLASS = YES_ERROR;
				CLANG_WARN__DUPLICATE_METHOD_MATCH = YES;
				"CODE_SIGN_IDENTITY[sdk=iphoneos*]" = "iPhone Developer";
				COPY_PHASE_STRIP = NO;
				GCC_C_LANGUAGE_STANDARD = gnu99;
				GCC_DYNAMIC_NO_PIC = NO;
				GCC_OPTIMIZATION_LEVEL = 0;
				GCC_PREPROCESSOR_DEFINITIONS = (
					"DEBUG=1",
					"$(inherited)",
				);
				GCC_SYMBOLS_PRIVATE_EXTERN = NO;
				GCC_WARN_64_TO_32_BIT_CONVERSION = YES;
				GCC_WARN_ABOUT_RETURN_TYPE = YES_ERROR;
				GCC_WARN_UNDECLARED_SELECTOR = YES;
				GCC_WARN_UNINITIALIZED_AUTOS = YES;
				GCC_WARN_UNUSED_FUNCTION = YES;
				GCC_WARN_UNUSED_VARIABLE = YES;
				IPHONEOS_DEPLOYMENT_TARGET = 7.0;
				ONLY_ACTIVE_ARCH = YES;
				SDKROOT = iphoneos;
				TARGETED_DEVICE_FAMILY = "1,2";
			};
			name = Debug;
		};
		2DD884F218288B310083D143 /* Release */ = {
			isa = XCBuildConfiguration;
			buildSettings = {
				ALWAYS_SEARCH_USER_PATHS = NO;
				ARCHS = "$(ARCHS_STANDARD_INCLUDING_64_BIT)";
				CLANG_CXX_LANGUAGE_STANDARD = "gnu++0x";
				CLANG_CXX_LIBRARY = "libc++";
				CLANG_ENABLE_MODULES = YES;
				CLANG_ENABLE_OBJC_ARC = YES;
				CLANG_WARN_BOOL_CONVERSION = YES;
				CLANG_WARN_CONSTANT_CONVERSION = YES;
				CLANG_WARN_DIRECT_OBJC_ISA_USAGE = YES_ERROR;
				CLANG_WARN_EMPTY_BODY = YES;
				CLANG_WARN_ENUM_CONVERSION = YES;
				CLANG_WARN_INT_CONVERSION = YES;
				CLANG_WARN_OBJC_ROOT_CLASS = YES_ERROR;
				CLANG_WARN__DUPLICATE_METHOD_MATCH = YES;
				"CODE_SIGN_IDENTITY[sdk=iphoneos*]" = "iPhone Developer";
				COPY_PHASE_STRIP = YES;
				ENABLE_NS_ASSERTIONS = NO;
				GCC_C_LANGUAGE_STANDARD = gnu99;
				GCC_WARN_64_TO_32_BIT_CONVERSION = YES;
				GCC_WARN_ABOUT_RETURN_TYPE = YES_ERROR;
				GCC_WARN_UNDECLARED_SELECTOR = YES;
				GCC_WARN_UNINITIALIZED_AUTOS = YES;
				GCC_WARN_UNUSED_FUNCTION = YES;
				GCC_WARN_UNUSED_VARIABLE = YES;
				IPHONEOS_DEPLOYMENT_TARGET = 7.0;
				SDKROOT = iphoneos;
				TARGETED_DEVICE_FAMILY = "1,2";
				VALIDATE_PRODUCT = YES;
			};
			name = Release;
		};
		2DD884F418288B310083D143 /* Debug */ = {
			isa = XCBuildConfiguration;
			buildSettings = {
				ASSETCATALOG_COMPILER_APPICON_NAME = AppIcon;
				ASSETCATALOG_COMPILER_LAUNCHIMAGE_NAME = LaunchImage;
				GCC_PRECOMPILE_PREFIX_HEADER = YES;
				GCC_PREFIX_HEADER = "TestCollectionView/TestCollectionView-Prefix.pch";
				INFOPLIST_FILE = "TestCollectionView/TestCollectionView-Info.plist";
				PRODUCT_NAME = "$(TARGET_NAME)";
				WRAPPER_EXTENSION = app;
			};
			name = Debug;
		};
		2DD884F518288B310083D143 /* Release */ = {
			isa = XCBuildConfiguration;
			buildSettings = {
				ASSETCATALOG_COMPILER_APPICON_NAME = AppIcon;
				ASSETCATALOG_COMPILER_LAUNCHIMAGE_NAME = LaunchImage;
				GCC_PRECOMPILE_PREFIX_HEADER = YES;
				GCC_PREFIX_HEADER = "TestCollectionView/TestCollectionView-Prefix.pch";
				INFOPLIST_FILE = "TestCollectionView/TestCollectionView-Info.plist";
				PRODUCT_NAME = "$(TARGET_NAME)";
				WRAPPER_EXTENSION = app;
			};
			name = Release;
		};
		2DD884F718288B310083D143 /* Debug */ = {
			isa = XCBuildConfiguration;
			buildSettings = {
				ARCHS = "$(ARCHS_STANDARD_INCLUDING_64_BIT)";
				BUNDLE_LOADER = "$(BUILT_PRODUCTS_DIR)/TestCollectionView.app/TestCollectionView";
				FRAMEWORK_SEARCH_PATHS = (
					"$(SDKROOT)/Developer/Library/Frameworks",
					"$(inherited)",
					"$(DEVELOPER_FRAMEWORKS_DIR)",
				);
				GCC_PRECOMPILE_PREFIX_HEADER = YES;
				GCC_PREFIX_HEADER = "TestCollectionView/TestCollectionView-Prefix.pch";
				GCC_PREPROCESSOR_DEFINITIONS = (
					"DEBUG=1",
					"$(inherited)",
				);
				INFOPLIST_FILE = "TestCollectionViewTests/TestCollectionViewTests-Info.plist";
				PRODUCT_NAME = "$(TARGET_NAME)";
				TEST_HOST = "$(BUNDLE_LOADER)";
				WRAPPER_EXTENSION = xctest;
			};
			name = Debug;
		};
		2DD884F818288B310083D143 /* Release */ = {
			isa = XCBuildConfiguration;
			buildSettings = {
				ARCHS = "$(ARCHS_STANDARD_INCLUDING_64_BIT)";
				BUNDLE_LOADER = "$(BUILT_PRODUCTS_DIR)/TestCollectionView.app/TestCollectionView";
				FRAMEWORK_SEARCH_PATHS = (
					"$(SDKROOT)/Developer/Library/Frameworks",
					"$(inherited)",
					"$(DEVELOPER_FRAMEWORKS_DIR)",
				);
				GCC_PRECOMPILE_PREFIX_HEADER = YES;
				GCC_PREFIX_HEADER = "TestCollectionView/TestCollectionView-Prefix.pch";
				INFOPLIST_FILE = "TestCollectionViewTests/TestCollectionViewTests-Info.plist";
				PRODUCT_NAME = "$(TARGET_NAME)";
				TEST_HOST = "$(BUNDLE_LOADER)";
				WRAPPER_EXTENSION = xctest;
			};
			name = Release;
		};
/* End XCBuildConfiguration section */

/* Begin XCConfigurationList section */
		2DD884B918288B310083D143 /* Build configuration list for PBXProject "TestCollectionView" */ = {
			isa = XCConfigurationList;
			buildConfigurations = (
				2DD884F118288B310083D143 /* Debug */,
				2DD884F218288B310083D143 /* Release */,
			);
			defaultConfigurationIsVisible = 0;
			defaultConfigurationName = Release;
		};
		2DD884F318288B310083D143 /* Build configuration list for PBXNativeTarget "TestCollectionView" */ = {
			isa = XCConfigurationList;
			buildConfigurations = (
				2DD884F418288B310083D143 /* Debug */,
				2DD884F518288B310083D143 /* Release */,
			);
			defaultConfigurationIsVisible = 0;
		};
		2DD884F618288B310083D143 /* Build configuration list for PBXNativeTarget "TestCollectionViewTests" */ = {
			isa = XCConfigurationList;
			buildConfigurations = (
				2DD884F718288B310083D143 /* Debug */,
				2DD884F818288B310083D143 /* Release */,
			);
			defaultConfigurationIsVisible = 0;
		};
/* End XCConfigurationList section */
	};
	rootObject = 2DD884B618288B310083D143 /* Project object */;
}
